// !$*UTF8*$!
{
	archiveVersion = 1;
	classes = {
	};
	objectVersion = 46;
	objects = {

/* Begin PBXBuildFile section */
		2FF910AB1E5ABBF500825A22 /* main.m in Sources */ = {isa = PBXBuildFile; fileRef = 2FF910AA1E5ABBF500825A22 /* main.m */; };
		2FF910AE1E5ABBF500825A22 /* AppDelegate.m in Sources */ = {isa = PBXBuildFile; fileRef = 2FF910AD1E5ABBF500825A22 /* AppDelegate.m */; };
		2FF910B11E5ABBF500825A22 /* ViewController.m in Sources */ = {isa = PBXBuildFile; fileRef = 2FF910B01E5ABBF500825A22 /* ViewController.m */; };
		2FF910B41E5ABBF500825A22 /* Main.storyboard in Resources */ = {isa = PBXBuildFile; fileRef = 2FF910B21E5ABBF500825A22 /* Main.storyboard */; };
		2FF910B61E5ABBF500825A22 /* Assets.xcassets in Resources */ = {isa = PBXBuildFile; fileRef = 2FF910B51E5ABBF500825A22 /* Assets.xcassets */; };
		2FF910B91E5ABBF500825A22 /* LaunchScreen.storyboard in Resources */ = {isa = PBXBuildFile; fileRef = 2FF910B71E5ABBF500825A22 /* LaunchScreen.storyboard */; };
		2FF910C41E5ABBF500825A22 /* BlockTestTests.m in Sources */ = {isa = PBXBuildFile; fileRef = 2FF910C31E5ABBF500825A22 /* BlockTestTests.m */; };
		2FF910CF1E5ABBF500825A22 /* BlockTestUITests.m in Sources */ = {isa = PBXBuildFile; fileRef = 2FF910CE1E5ABBF500825A22 /* BlockTestUITests.m */; };
		2FF910DE1E5AC38900825A22 /* Test.m in Sources */ = {isa = PBXBuildFile; fileRef = 2FF910DD1E5AC38900825A22 /* Test.m */; settings = {COMPILER_FLAGS = "-fno-objc-arc"; }; };
/* End PBXBuildFile section */

/* Begin PBXContainerItemProxy section */
		2FF910C01E5ABBF500825A22 /* PBXContainerItemProxy */ = {
			isa = PBXContainerItemProxy;
			containerPortal = 2FF9109E1E5ABBF500825A22 /* Project object */;
			proxyType = 1;
			remoteGlobalIDString = 2FF910A51E5ABBF500825A22;
			remoteInfo = BlockTest;
		};
		2FF910CB1E5ABBF500825A22 /* PBXContainerItemProxy */ = {
			isa = PBXContainerItemProxy;
			containerPortal = 2FF9109E1E5ABBF500825A22 /* Project object */;
			proxyType = 1;
			remoteGlobalIDString = 2FF910A51E5ABBF500825A22;
			remoteInfo = BlockTest;
		};
/* End PBXContainerItemProxy section */

/* Begin PBXFileReference section */
		2FF910A61E5ABBF500825A22 /* BlockTest.app */ = {isa = PBXFileReference; explicitFileType = wrapper.application; includeInIndex = 0; path = BlockTest.app; sourceTree = BUILT_PRODUCTS_DIR; };
		2FF910AA1E5ABBF500825A22 /* main.m */ = {isa = PBXFileReference; lastKnownFileType = sourcecode.c.objc; path = main.m; sourceTree = "<group>"; };
		2FF910AC1E5ABBF500825A22 /* AppDelegate.h */ = {isa = PBXFileReference; lastKnownFileType = sourcecode.c.h; path = AppDelegate.h; sourceTree = "<group>"; };
		2FF910AD1E5ABBF500825A22 /* AppDelegate.m */ = {isa = PBXFileReference; lastKnownFileType = sourcecode.c.objc; path = AppDelegate.m; sourceTree = "<group>"; };
		2FF910AF1E5ABBF500825A22 /* ViewController.h */ = {isa = PBXFileReference; lastKnownFileType = sourcecode.c.h; path = ViewController.h; sourceTree = "<group>"; };
		2FF910B01E5ABBF500825A22 /* ViewController.m */ = {isa = PBXFileReference; lastKnownFileType = sourcecode.c.objc; path = ViewController.m; sourceTree = "<group>"; };
		2FF910B31E5ABBF500825A22 /* Base */ = {isa = PBXFileReference; lastKnownFileType = file.storyboard; name = Base; path = Base.lproj/Main.storyboard; sourceTree = "<group>"; };
		2FF910B51E5ABBF500825A22 /* Assets.xcassets */ = {isa = PBXFileReference; lastKnownFileType = folder.assetcatalog; path = Assets.xcassets; sourceTree = "<group>"; };
		2FF910B81E5ABBF500825A22 /* Base */ = {isa = PBXFileReference; lastKnownFileType = file.storyboard; name = Base; path = Base.lproj/LaunchScreen.storyboard; sourceTree = "<group>"; };
		2FF910BA1E5ABBF500825A22 /* Info.plist */ = {isa = PBXFileReference; lastKnownFileType = text.plist.xml; path = Info.plist; sourceTree = "<group>"; };
		2FF910BF1E5ABBF500825A22 /* BlockTestTests.xctest */ = {isa = PBXFileReference; explicitFileType = wrapper.cfbundle; includeInIndex = 0; path = BlockTestTests.xctest; sourceTree = BUILT_PRODUCTS_DIR; };
		2FF910C31E5ABBF500825A22 /* BlockTestTests.m */ = {isa = PBXFileReference; lastKnownFileType = sourcecode.c.objc; path = BlockTestTests.m; sourceTree = "<group>"; };
		2FF910C51E5ABBF500825A22 /* Info.plist */ = {isa = PBXFileReference; lastKnownFileType = text.plist.xml; path = Info.plist; sourceTree = "<group>"; };
		2FF910CA1E5ABBF500825A22 /* BlockTestUITests.xctest */ = {isa = PBXFileReference; explicitFileType = wrapper.cfbundle; includeInIndex = 0; path = BlockTestUITests.xctest; sourceTree = BUILT_PRODUCTS_DIR; };
		2FF910CE1E5ABBF500825A22 /* BlockTestUITests.m */ = {isa = PBXFileReference; lastKnownFileType = sourcecode.c.objc; path = BlockTestUITests.m; sourceTree = "<group>"; };
		2FF910D01E5ABBF500825A22 /* Info.plist */ = {isa = PBXFileReference; lastKnownFileType = text.plist.xml; path = Info.plist; sourceTree = "<group>"; };
		2FF910DC1E5AC38900825A22 /* Test.h */ = {isa = PBXFileReference; fileEncoding = 4; lastKnownFileType = sourcecode.c.h; path = Test.h; sourceTree = "<group>"; };
		2FF910DD1E5AC38900825A22 /* Test.m */ = {isa = PBXFileReference; fileEncoding = 4; lastKnownFileType = sourcecode.c.objc; path = Test.m; sourceTree = "<group>"; };
/* End PBXFileReference section */

/* Begin PBXFrameworksBuildPhase section */
		2FF910A31E5ABBF500825A22 /* Frameworks */ = {
			isa = PBXFrameworksBuildPhase;
			buildActionMask = 2147483647;
			files = (
			);
			runOnlyForDeploymentPostprocessing = 0;
		};
		2FF910BC1E5ABBF500825A22 /* Frameworks */ = {
			isa = PBXFrameworksBuildPhase;
			buildActionMask = 2147483647;
			files = (
			);
			runOnlyForDeploymentPostprocessing = 0;
		};
		2FF910C71E5ABBF500825A22 /* Frameworks */ = {
			isa = PBXFrameworksBuildPhase;
			buildActionMask = 2147483647;
			files = (
			);
			runOnlyForDeploymentPostprocessing = 0;
		};
/* End PBXFrameworksBuildPhase section */

/* Begin PBXGroup section */
		2FF9109D1E5ABBF500825A22 = {
			isa = PBXGroup;
			children = (
				2FF910A81E5ABBF500825A22 /* BlockTest */,
				2FF910C21E5ABBF500825A22 /* BlockTestTests */,
				2FF910CD1E5ABBF500825A22 /* BlockTestUITests */,
				2FF910A71E5ABBF500825A22 /* Products */,
			);
			sourceTree = "<group>";
		};
		2FF910A71E5ABBF500825A22 /* Products */ = {
			isa = PBXGroup;
			children = (
				2FF910A61E5ABBF500825A22 /* BlockTest.app */,
				2FF910BF1E5ABBF500825A22 /* BlockTestTests.xctest */,
				2FF910CA1E5ABBF500825A22 /* BlockTestUITests.xctest */,
			);
			name = Products;
			sourceTree = "<group>";
		};
		2FF910A81E5ABBF500825A22 /* BlockTest */ = {
			isa = PBXGroup;
			children = (
				2FF910AC1E5ABBF500825A22 /* AppDelegate.h */,
				2FF910AD1E5ABBF500825A22 /* AppDelegate.m */,
				2FF910AF1E5ABBF500825A22 /* ViewController.h */,
				2FF910B01E5ABBF500825A22 /* ViewController.m */,
				2FF910DC1E5AC38900825A22 /* Test.h */,
				2FF910DD1E5AC38900825A22 /* Test.m */,
				2FF910B21E5ABBF500825A22 /* Main.storyboard */,
				2FF910B51E5ABBF500825A22 /* Assets.xcassets */,
				2FF910B71E5ABBF500825A22 /* LaunchScreen.storyboard */,
				2FF910BA1E5ABBF500825A22 /* Info.plist */,
				2FF910A91E5ABBF500825A22 /* Supporting Files */,
			);
			path = BlockTest;
			sourceTree = "<group>";
		};
		2FF910A91E5ABBF500825A22 /* Supporting Files */ = {
			isa = PBXGroup;
			children = (
				2FF910AA1E5ABBF500825A22 /* main.m */,
			);
			name = "Supporting Files";
			sourceTree = "<group>";
		};
		2FF910C21E5ABBF500825A22 /* BlockTestTests */ = {
			isa = PBXGroup;
			children = (
				2FF910C31E5ABBF500825A22 /* BlockTestTests.m */,
				2FF910C51E5ABBF500825A22 /* Info.plist */,
			);
			path = BlockTestTests;
			sourceTree = "<group>";
		};
		2FF910CD1E5ABBF500825A22 /* BlockTestUITests */ = {
			isa = PBXGroup;
			children = (
				2FF910CE1E5ABBF500825A22 /* BlockTestUITests.m */,
				2FF910D01E5ABBF500825A22 /* Info.plist */,
			);
			path = BlockTestUITests;
			sourceTree = "<group>";
		};
/* End PBXGroup section */

/* Begin PBXNativeTarget section */
		2FF910A51E5ABBF500825A22 /* BlockTest */ = {
			isa = PBXNativeTarget;
			buildConfigurationList = 2FF910D31E5ABBF500825A22 /* Build configuration list for PBXNativeTarget "BlockTest" */;
			buildPhases = (
				2FF910A21E5ABBF500825A22 /* Sources */,
				2FF910A31E5ABBF500825A22 /* Frameworks */,
				2FF910A41E5ABBF500825A22 /* Resources */,
			);
			buildRules = (
			);
			dependencies = (
			);
			name = BlockTest;
			productName = BlockTest;
			productReference = 2FF910A61E5ABBF500825A22 /* BlockTest.app */;
			productType = "com.apple.product-type.application";
		};
		2FF910BE1E5ABBF500825A22 /* BlockTestTests */ = {
			isa = PBXNativeTarget;
			buildConfigurationList = 2FF910D61E5ABBF500825A22 /* Build configuration list for PBXNativeTarget "BlockTestTests" */;
			buildPhases = (
				2FF910BB1E5ABBF500825A22 /* Sources */,
				2FF910BC1E5ABBF500825A22 /* Frameworks */,
				2FF910BD1E5ABBF500825A22 /* Resources */,
			);
			buildRules = (
			);
			dependencies = (
				2FF910C11E5ABBF500825A22 /* PBXTargetDependency */,
			);
			name = BlockTestTests;
			productName = BlockTestTests;
			productReference = 2FF910BF1E5ABBF500825A22 /* BlockTestTests.xctest */;
			productType = "com.apple.product-type.bundle.unit-test";
		};
		2FF910C91E5ABBF500825A22 /* BlockTestUITests */ = {
			isa = PBXNativeTarget;
			buildConfigurationList = 2FF910D91E5ABBF500825A22 /* Build configuration list for PBXNativeTarget "BlockTestUITests" */;
			buildPhases = (
				2FF910C61E5ABBF500825A22 /* Sources */,
				2FF910C71E5ABBF500825A22 /* Frameworks */,
				2FF910C81E5ABBF500825A22 /* Resources */,
			);
			buildRules = (
			);
			dependencies = (
				2FF910CC1E5ABBF500825A22 /* PBXTargetDependency */,
			);
			name = BlockTestUITests;
			productName = BlockTestUITests;
			productReference = 2FF910CA1E5ABBF500825A22 /* BlockTestUITests.xctest */;
			productType = "com.apple.product-type.bundle.ui-testing";
		};
/* End PBXNativeTarget section */

/* Begin PBXProject section */
		2FF9109E1E5ABBF500825A22 /* Project object */ = {
			isa = PBXProject;
			attributes = {
				LastUpgradeCheck = 0810;
				ORGANIZATIONNAME = "贾则栋";
				TargetAttributes = {
					2FF910A51E5ABBF500825A22 = {
						CreatedOnToolsVersion = 8.1;
						ProvisioningStyle = Automatic;
					};
					2FF910BE1E5ABBF500825A22 = {
						CreatedOnToolsVersion = 8.1;
						ProvisioningStyle = Automatic;
						TestTargetID = 2FF910A51E5ABBF500825A22;
					};
					2FF910C91E5ABBF500825A22 = {
						CreatedOnToolsVersion = 8.1;
						ProvisioningStyle = Automatic;
						TestTargetID = 2FF910A51E5ABBF500825A22;
					};
				};
			};
			buildConfigurationList = 2FF910A11E5ABBF500825A22 /* Build configuration list for PBXProject "BlockTest" */;
			compatibilityVersion = "Xcode 3.2";
			developmentRegion = English;
			hasScannedForEncodings = 0;
			knownRegions = (
				en,
				Base,
			);
			mainGroup = 2FF9109D1E5ABBF500825A22;
			productRefGroup = 2FF910A71E5ABBF500825A22 /* Products */;
			projectDirPath = "";
			projectRoot = "";
			targets = (
				2FF910A51E5ABBF500825A22 /* BlockTest */,
				2FF910BE1E5ABBF500825A22 /* BlockTestTests */,
				2FF910C91E5ABBF500825A22 /* BlockTestUITests */,
			);
		};
/* End PBXProject section */

/* Begin PBXResourcesBuildPhase section */
		2FF910A41E5ABBF500825A22 /* Resources */ = {
			isa = PBXResourcesBuildPhase;
			buildActionMask = 2147483647;
			files = (
				2FF910B91E5ABBF500825A22 /* LaunchScreen.storyboard in Resources */,
				2FF910B61E5ABBF500825A22 /* Assets.xcassets in Resources */,
				2FF910B41E5ABBF500825A22 /* Main.storyboard in Resources */,
			);
			runOnlyForDeploymentPostprocessing = 0;
		};
		2FF910BD1E5ABBF500825A22 /* Resources */ = {
			isa = PBXResourcesBuildPhase;
			buildActionMask = 2147483647;
			files = (
			);
			runOnlyForDeploymentPostprocessing = 0;
		};
		2FF910C81E5ABBF500825A22 /* Resources */ = {
			isa = PBXResourcesBuildPhase;
			buildActionMask = 2147483647;
			files = (
			);
			runOnlyForDeploymentPostprocessing = 0;
		};
/* End PBXResourcesBuildPhase section */

/* Begin PBXSourcesBuildPhase section */
		2FF910A21E5ABBF500825A22 /* Sources */ = {
			isa = PBXSourcesBuildPhase;
			buildActionMask = 2147483647;
			files = (
				2FF910B11E5ABBF500825A22 /* ViewController.m in Sources */,
				2FF910DE1E5AC38900825A22 /* Test.m in Sources */,
				2FF910AE1E5ABBF500825A22 /* AppDelegate.m in Sources */,
				2FF910AB1E5ABBF500825A22 /* main.m in Sources */,
			);
			runOnlyForDeploymentPostprocessing = 0;
		};
		2FF910BB1E5ABBF500825A22 /* Sources */ = {
			isa = PBXSourcesBuildPhase;
			buildActionMask = 2147483647;
			files = (
				2FF910C41E5ABBF500825A22 /* BlockTestTests.m in Sources */,
			);
			runOnlyForDeploymentPostprocessing = 0;
		};
		2FF910C61E5ABBF500825A22 /* Sources */ = {
			isa = PBXSourcesBuildPhase;
			buildActionMask = 2147483647;
			files = (
				2FF910CF1E5ABBF500825A22 /* BlockTestUITests.m in Sources */,
			);
			runOnlyForDeploymentPostprocessing = 0;
		};
/* End PBXSourcesBuildPhase section */

/* Begin PBXTargetDependency section */
		2FF910C11E5ABBF500825A22 /* PBXTargetDependency */ = {
			isa = PBXTargetDependency;
			target = 2FF910A51E5ABBF500825A22 /* BlockTest */;
			targetProxy = 2FF910C01E5ABBF500825A22 /* PBXContainerItemProxy */;
		};
		2FF910CC1E5ABBF500825A22 /* PBXTargetDependency */ = {
			isa = PBXTargetDependency;
			target = 2FF910A51E5ABBF500825A22 /* BlockTest */;
			targetProxy = 2FF910CB1E5ABBF500825A22 /* PBXContainerItemProxy */;
		};
/* End PBXTargetDependency section */

/* Begin PBXVariantGroup section */
		2FF910B21E5ABBF500825A22 /* Main.storyboard */ = {
			isa = PBXVariantGroup;
			children = (
				2FF910B31E5ABBF500825A22 /* Base */,
			);
			name = Main.storyboard;
			sourceTree = "<group>";
		};
		2FF910B71E5ABBF500825A22 /* LaunchScreen.storyboard */ = {
			isa = PBXVariantGroup;
			children = (
				2FF910B81E5ABBF500825A22 /* Base */,
			);
			name = LaunchScreen.storyboard;
			sourceTree = "<group>";
		};
/* End PBXVariantGroup section */

/* Begin XCBuildConfiguration section */
		2FF910D11E5ABBF500825A22 /* Debug */ = {
			isa = XCBuildConfiguration;
			buildSettings = {
				ALWAYS_SEARCH_USER_PATHS = NO;
				CLANG_ANALYZER_NONNULL = YES;
				CLANG_CXX_LANGUAGE_STANDARD = "gnu++0x";
				CLANG_CXX_LIBRARY = "libc++";
				CLANG_ENABLE_MODULES = YES;
				CLANG_ENABLE_OBJC_ARC = YES;
				CLANG_WARN_BOOL_CONVERSION = YES;
				CLANG_WARN_CONSTANT_CONVERSION = YES;
				CLANG_WARN_DIRECT_OBJC_ISA_USAGE = YES_ERROR;
				CLANG_WARN_DOCUMENTATION_COMMENTS = YES;
				CLANG_WARN_EMPTY_BODY = YES;
				CLANG_WARN_ENUM_CONVERSION = YES;
				CLANG_WARN_INFINITE_RECURSION = YES;
				CLANG_WARN_INT_CONVERSION = YES;
				CLANG_WARN_OBJC_ROOT_CLASS = YES_ERROR;
				CLANG_WARN_SUSPICIOUS_MOVES = YES;
				CLANG_WARN_UNREACHABLE_CODE = YES;
				CLANG_WARN__DUPLICATE_METHOD_MATCH = YES;
				"CODE_SIGN_IDENTITY[sdk=iphoneos*]" = "iPhone Developer";
				COPY_PHASE_STRIP = NO;
				DEBUG_INFORMATION_FORMAT = dwarf;
				ENABLE_STRICT_OBJC_MSGSEND = YES;
				ENABLE_TESTABILITY = YES;
				GCC_C_LANGUAGE_STANDARD = gnu99;
				GCC_DYNAMIC_NO_PIC = NO;
				GCC_NO_COMMON_BLOCKS = YES;
				GCC_OPTIMIZATION_LEVEL = 0;
				GCC_PREPROCESSOR_DEFINITIONS = (
					"DEBUG=1",
					"$(inherited)",
				);
				GCC_WARN_64_TO_32_BIT_CONVERSION = YES;
				GCC_WARN_ABOUT_RETURN_TYPE = YES_ERROR;
				GCC_WARN_UNDECLARED_SELECTOR = YES;
				GCC_WARN_UNINITIALIZED_AUTOS = YES_AGGRESSIVE;
				GCC_WARN_UNUSED_FUNCTION = YES;
				GCC_WARN_UNUSED_VARIABLE = YES;
				IPHONEOS_DEPLOYMENT_TARGET = 10.1;
				MTL_ENABLE_DEBUG_INFO = YES;
				ONLY_ACTIVE_ARCH = YES;
				SDKROOT = iphoneos;
			};
			name = Debug;
		};
		2FF910D21E5ABBF500825A22 /* Release */ = {
			isa = XCBuildConfiguration;
			buildSettings = {
				ALWAYS_SEARCH_USER_PATHS = NO;
				CLANG_ANALYZER_NONNULL = YES;
				CLANG_CXX_LANGUAGE_STANDARD = "gnu++0x";
				CLANG_CXX_LIBRARY = "libc++";
				CLANG_ENABLE_MODULES = YES;
				CLANG_ENABLE_OBJC_ARC = YES;
				CLANG_WARN_BOOL_CONVERSION = YES;
				CLANG_WARN_CONSTANT_CONVERSION = YES;
				CLANG_WARN_DIRECT_OBJC_ISA_USAGE = YES_ERROR;
				CLANG_WARN_DOCUMENTATION_COMMENTS = YES;
				CLANG_WARN_EMPTY_BODY = YES;
				CLANG_WARN_ENUM_CONVERSION = YES;
				CLANG_WARN_INFINITE_RECURSION = YES;
				CLANG_WARN_INT_CONVERSION = YES;
				CLANG_WARN_OBJC_ROOT_CLASS = YES_ERROR;
				CLANG_WARN_SUSPICIOUS_MOVES = YES;
				CLANG_WARN_UNREACHABLE_CODE = YES;
				CLANG_WARN__DUPLICATE_METHOD_MATCH = YES;
				"CODE_SIGN_IDENTITY[sdk=iphoneos*]" = "iPhone Developer";
				COPY_PHASE_STRIP = NO;
				DEBUG_INFORMATION_FORMAT = "dwarf-with-dsym";
				ENABLE_NS_ASSERTIONS = NO;
				ENABLE_STRICT_OBJC_MSGSEND = YES;
				GCC_C_LANGUAGE_STANDARD = gnu99;
				GCC_NO_COMMON_BLOCKS = YES;
				GCC_WARN_64_TO_32_BIT_CONVERSION = YES;
				GCC_WARN_ABOUT_RETURN_TYPE = YES_ERROR;
				GCC_WARN_UNDECLARED_SELECTOR = YES;
				GCC_WARN_UNINITIALIZED_AUTOS = YES_AGGRESSIVE;
				GCC_WARN_UNUSED_FUNCTION = YES;
				GCC_WARN_UNUSED_VARIABLE = YES;
				IPHONEOS_DEPLOYMENT_TARGET = 10.1;
				MTL_ENABLE_DEBUG_INFO = NO;
				SDKROOT = iphoneos;
				VALIDATE_PRODUCT = YES;
			};
			name = Release;
		};
		2FF910D41E5ABBF500825A22 /* Debug */ = {
			isa = XCBuildConfiguration;
			buildSettings = {
				ASSETCATALOG_COMPILER_APPICON_NAME = AppIcon;
				INFOPLIST_FILE = BlockTest/Info.plist;
				LD_RUNPATH_SEARCH_PATHS = "$(inherited) @executable_path/Frameworks";
				PRODUCT_BUNDLE_IDENTIFIER = J.K..BlockTest;
				PRODUCT_NAME = "$(TARGET_NAME)";
			};
			name = Debug;
		};
		2FF910D51E5ABBF500825A22 /* Release */ = {
			isa = XCBuildConfiguration;
			buildSettings = {
				ASSETCATALOG_COMPILER_APPICON_NAME = AppIcon;
				INFOPLIST_FILE = BlockTest/Info.plist;
				LD_RUNPATH_SEARCH_PATHS = "$(inherited) @executable_path/Frameworks";
				PRODUCT_BUNDLE_IDENTIFIER = J.K..BlockTest;
				PRODUCT_NAME = "$(TARGET_NAME)";
			};
			name = Release;
		};
		2FF910D71E5ABBF500825A22 /* Debug */ = {
			isa = XCBuildConfiguration;
			buildSettings = {
				BUNDLE_LOADER = "$(TEST_HOST)";
				INFOPLIST_FILE = BlockTestTests/Info.plist;
				LD_RUNPATH_SEARCH_PATHS = "$(inherited) @executable_path/Frameworks @loader_path/Frameworks";
				PRODUCT_BUNDLE_IDENTIFIER = J.K..BlockTestTests;
				PRODUCT_NAME = "$(TARGET_NAME)";
				TEST_HOST = "$(BUILT_PRODUCTS_DIR)/BlockTest.app/BlockTest";
			};
			name = Debug;
		};
		2FF910D81E5ABBF500825A22 /* Release */ = {
			isa = XCBuildConfiguration;
			buildSettings = {
				BUNDLE_LOADER = "$(TEST_HOST)";
				INFOPLIST_FILE = BlockTestTests/Info.plist;
				LD_RUNPATH_SEARCH_PATHS = "$(inherited) @executable_path/Frameworks @loader_path/Frameworks";
				PRODUCT_BUNDLE_IDENTIFIER = J.K..BlockTestTests;
				PRODUCT_NAME = "$(TARGET_NAME)";
				TEST_HOST = "$(BUILT_PRODUCTS_DIR)/BlockTest.app/BlockTest";
			};
			name = Release;
		};
		2FF910DA1E5ABBF500825A22 /* Debug */ = {
			isa = XCBuildConfiguration;
			buildSettings = {
				INFOPLIST_FILE = BlockTestUITests/Info.plist;
				LD_RUNPATH_SEARCH_PATHS = "$(inherited) @executable_path/Frameworks @loader_path/Frameworks";
				PRODUCT_BUNDLE_IDENTIFIER = J.K..BlockTestUITests;
				PRODUCT_NAME = "$(TARGET_NAME)";
				TEST_TARGET_NAME = BlockTest;
			};
			name = Debug;
		};
		2FF910DB1E5ABBF500825A22 /* Release */ = {
			isa = XCBuildConfiguration;
			buildSettings = {
				INFOPLIST_FILE = BlockTestUITests/Info.plist;
				LD_RUNPATH_SEARCH_PATHS = "$(inherited) @executable_path/Frameworks @loader_path/Frameworks";
				PRODUCT_BUNDLE_IDENTIFIER = J.K..BlockTestUITests;
				PRODUCT_NAME = "$(TARGET_NAME)";
				TEST_TARGET_NAME = BlockTest;
			};
			name = Release;
		};
/* End XCBuildConfiguration section */

/* Begin XCConfigurationList section */
		2FF910A11E5ABBF500825A22 /* Build configuration list for PBXProject "BlockTest" */ = {
			isa = XCConfigurationList;
			buildConfigurations = (
				2FF910D11E5ABBF500825A22 /* Debug */,
				2FF910D21E5ABBF500825A22 /* Release */,
			);
			defaultConfigurationIsVisible = 0;
			defaultConfigurationName = Release;
		};
		2FF910D31E5ABBF500825A22 /* Build configuration list for PBXNativeTarget "BlockTest" */ = {
			isa = XCConfigurationList;
			buildConfigurations = (
				2FF910D41E5ABBF500825A22 /* Debug */,
				2FF910D51E5ABBF500825A22 /* Release */,
			);
			defaultConfigurationIsVisible = 0;
		};
		2FF910D61E5ABBF500825A22 /* Build configuration list for PBXNativeTarget "BlockTestTests" */ = {
			isa = XCConfigurationList;
			buildConfigurations = (
				2FF910D71E5ABBF500825A22 /* Debug */,
				2FF910D81E5ABBF500825A22 /* Release */,
			);
			defaultConfigurationIsVisible = 0;
		};
		2FF910D91E5ABBF500825A22 /* Build configuration list for PBXNativeTarget "BlockTestUITests" */ = {
			isa = XCConfigurationList;
			buildConfigurations = (
				2FF910DA1E5ABBF500825A22 /* Debug */,
				2FF910DB1E5ABBF500825A22 /* Release */,
			);
			defaultConfigurationIsVisible = 0;
		};
/* End XCConfigurationList section */
	};
	rootObject = 2FF9109E1E5ABBF500825A22 /* Project object */;
}
